
Microsoft Visual Studio Solution File, Format Version 12.00
# Visual Studio Version 17
VisualStudioVersion = 17.5.33516.290
MinimumVisualStudioVersion = 10.0.40219.1
Project("{FAE04EC0-301F-11D3-BF4B-00C04F79EFBC}") = "Tic-Tac-Toe", "Tic-Tac-Toe\Tic-Tac-Toe.csproj", "{0E47992A-D53D-4C89-9372-699D7981049D}"
EndProject
Global
	GlobalSection(SolutionConfigurationPlatforms) = preSolution
		Debug|Any CPU = Debug|Any CPU
		Release|Any CPU = Release|Any CPU
	EndGlobalSection
	GlobalSection(ProjectConfigurationPlatforms) = postSolution
		{0E47992A-D53D-4C89-9372-699D7981049D}.Debug|Any CPU.ActiveCfg = Debug|Any CPU
		{0E47992A-D53D-4C89-9372-699D7981049D}.Debug|Any CPU.Build.0 = Debug|Any CPU
		{0E47992A-D53D-4C89-9372-699D7981049D}.Release|Any CPU.ActiveCfg = Release|Any CPU
		{0E47992A-D53D-4C89-9372-699D7981049D}.Release|Any CPU.Build.0 = Release|Any CPU
	EndGlobalSection
	GlobalSection(SolutionProperties) = preSolution
		HideSolutionNode = FALSE
	EndGlobalSection
	GlobalSection(ExtensibilityGlobals) = postSolution
		SolutionGuid = {1FBB33D1-1B7C-4A3D-800C-024238CCFDB2}
	EndGlobalSection
EndGlobal
